PODS:
  - Alamofire (5.5.0)
  - Moya/Core (15.0.0):
    - Alamofire (~> 5.0)
  - Texture/Core (3.1.0)
  - Texture/Video (3.1.0):
    - Texture/Core

DEPENDENCIES:
  - Moya/Core
  - Texture/Core
  - Texture/Video

SPEC REPOS:
  trunk:
    - Alamofire
    - Moya
    - Texture

SPEC CHECKSUMS:
  Alamofire: 1c4fb5369c3fe93d2857c780d8bbe09f06f97e7c
  Moya: 138f0573e53411fb3dc17016add0b748dfbd78ee
  Texture: 2e8ab2519452515f7f5a520f5a8f7e0a413abfa3

PODFILE CHECKSUM: fcfdbf41f85da94c7bc13b75279e75a3fc825a00

COCOAPODS: 1.11.2
