PODS:
  - _NIODataStructures (2.32.3)
  - Advance (3.1.1)
  - CGRPCZlib (1.6.1)
  - CNIOAtomics (2.32.3)
  - CNIOBoringSSL (2.15.1)
  - CNIOBoringSSLShims (2.15.1):
    - CNIOBoringSSL (= 2.15.1)
  - CNIODarwin (2.32.3)
  - CNIOHTTPParser (2.32.3)
  - CNIOLinux (2.32.3)
  - CNIOWindows (2.32.3)
  - gRPC-Swift (1.6.1):
    - CGRPCZlib (= 1.6.1)
    - Logging (< 2.0.0, >= 1.4.0)
    - SwiftNIO (< 3.0.0, >= 2.32.0)
    - SwiftNIOExtras (< 2.0.0, >= 1.4.0)
    - SwiftNIOHTTP2 (< 2.0.0, >= 1.18.2)
    - SwiftNIOSSL (< 3.0.0, >= 2.14.0)
    - SwiftNIOTransportServices (< 2.0.0, >= 1.11.1)
    - SwiftProtobuf (< 2.0.0, >= 1.9.0)
  - Logging (1.4.0)
  - Realm (10.22.0):
    - Realm/Headers (= 10.22.0)
  - Realm/Headers (10.22.0)
  - RealmSwift (10.22.0):
    - Realm (= 10.22.0)
  - SwiftNIO (2.32.3):
    - SwiftNIOCore (= 2.32.3)
    - SwiftNIOEmbedded (= 2.32.3)
    - SwiftNIOPosix (= 2.32.3)
  - SwiftNIOConcurrencyHelpers (2.32.3):
    - CNIOAtomics (= 2.32.3)
  - SwiftNIOCore (2.32.3):
    - CNIOLinux (= 2.32.3)
    - SwiftNIOConcurrencyHelpers (= 2.32.3)
  - SwiftNIOEmbedded (2.32.3):
    - _NIODataStructures (= 2.32.3)
    - SwiftNIOCore (= 2.32.3)
  - SwiftNIOExtras (1.10.2):
    - SwiftNIO (< 3, >= 2.32.0)
  - SwiftNIOFoundationCompat (2.32.3):
    - SwiftNIO (= 2.32.3)
    - SwiftNIOCore (= 2.32.3)
  - SwiftNIOHPACK (1.18.3):
    - SwiftNIO (< 3, >= 2.32.0)
    - SwiftNIOConcurrencyHelpers (< 3, >= 2.32.0)
    - SwiftNIOCore (< 3, >= 2.32.0)
    - SwiftNIOHTTP1 (< 3, >= 2.32.0)
  - SwiftNIOHTTP1 (2.32.3):
    - CNIOHTTPParser (= 2.32.3)
    - SwiftNIO (= 2.32.3)
    - SwiftNIOConcurrencyHelpers (= 2.32.3)
    - SwiftNIOCore (= 2.32.3)
  - SwiftNIOHTTP2 (1.18.3):
    - SwiftNIO (< 3, >= 2.32.0)
    - SwiftNIOConcurrencyHelpers (< 3, >= 2.32.0)
    - SwiftNIOCore (< 3, >= 2.32.0)
    - SwiftNIOHPACK (= 1.18.3)
    - SwiftNIOHTTP1 (< 3, >= 2.32.0)
    - SwiftNIOTLS (< 3, >= 2.32.0)
  - SwiftNIOPosix (2.32.3):
    - _NIODataStructures (= 2.32.3)
    - CNIODarwin (= 2.32.3)
    - CNIOLinux (= 2.32.3)
    - CNIOWindows (= 2.32.3)
    - SwiftNIOConcurrencyHelpers (= 2.32.3)
    - SwiftNIOCore (= 2.32.3)
  - SwiftNIOSSL (2.15.1):
    - CNIOBoringSSL (= 2.15.1)
    - CNIOBoringSSLShims (= 2.15.1)
    - SwiftNIO (< 3, >= 2.32.0)
    - SwiftNIOConcurrencyHelpers (< 3, >= 2.32.0)
    - SwiftNIOCore (< 3, >= 2.32.0)
    - SwiftNIOTLS (< 3, >= 2.32.0)
  - SwiftNIOTLS (2.32.3):
    - SwiftNIO (= 2.32.3)
    - SwiftNIOCore (= 2.32.3)
  - SwiftNIOTransportServices (1.11.3):
    - SwiftNIO (< 3, >= 2.32.0)
    - SwiftNIOConcurrencyHelpers (< 3, >= 2.32.0)
    - SwiftNIOFoundationCompat (< 3, >= 2.32.0)
    - SwiftNIOTLS (< 3, >= 2.32.0)
  - SwiftProtobuf (1.18.0)

DEPENDENCIES:
  - _NIODataStructures (from `./FrostPods/GeneratedPods/_NIODataStructures`)
  - "Advance (from `git@github.com:timdonnelly/Advance.git`, branch `master`)"
  - CGRPCZlib (from `./FrostPods/GeneratedPods/CGRPCZlib`)
  - CNIOAtomics (from `./FrostPods/GeneratedPods/CNIOAtomics`)
  - CNIOBoringSSL (from `./FrostPods/GeneratedPods/CNIOBoringSSL`)
  - CNIOBoringSSLShims (from `./FrostPods/GeneratedPods/CNIOBoringSSLShims`)
  - CNIODarwin (from `./FrostPods/GeneratedPods/CNIODarwin`)
  - CNIOHTTPParser (from `./FrostPods/GeneratedPods/CNIOHTTPParser`)
  - CNIOLinux (from `./FrostPods/GeneratedPods/CNIOLinux`)
  - CNIOWindows (from `./FrostPods/GeneratedPods/CNIOWindows`)
  - gRPC-Swift (from `./FrostPods/GeneratedPods/gRPC-Swift`)
  - Logging (from `./FrostPods/GeneratedPods/Logging`)
  - RealmSwift
  - SwiftNIO (from `./FrostPods/GeneratedPods/SwiftNIO`)
  - SwiftNIOConcurrencyHelpers (from `./FrostPods/GeneratedPods/SwiftNIOConcurrencyHelpers`)
  - SwiftNIOCore (from `./FrostPods/GeneratedPods/SwiftNIOCore`)
  - SwiftNIOEmbedded (from `./FrostPods/GeneratedPods/SwiftNIOEmbedded`)
  - SwiftNIOExtras (from `./FrostPods/GeneratedPods/SwiftNIOExtras`)
  - SwiftNIOFoundationCompat (from `./FrostPods/GeneratedPods/SwiftNIOFoundationCompat`)
  - SwiftNIOHPACK (from `./FrostPods/GeneratedPods/SwiftNIOHPACK`)
  - SwiftNIOHTTP1 (from `./FrostPods/GeneratedPods/SwiftNIOHTTP1`)
  - SwiftNIOHTTP2 (from `./FrostPods/GeneratedPods/SwiftNIOHTTP2`)
  - SwiftNIOPosix (from `./FrostPods/GeneratedPods/SwiftNIOPosix`)
  - SwiftNIOSSL (from `./FrostPods/GeneratedPods/SwiftNIOSSL`)
  - SwiftNIOTLS (from `./FrostPods/GeneratedPods/SwiftNIOTLS`)
  - SwiftNIOTransportServices (from `./FrostPods/GeneratedPods/SwiftNIOTransportServices`)
  - SwiftProtobuf (from `./FrostPods/GeneratedPods/SwiftProtobuf`)

SPEC REPOS:
  trunk:
    - Realm
    - RealmSwift

EXTERNAL SOURCES:
  _NIODataStructures:
    :path: "./FrostPods/GeneratedPods/_NIODataStructures"
  Advance:
    :branch: master
    :git: "git@github.com:timdonnelly/Advance.git"
  CGRPCZlib:
    :path: "./FrostPods/GeneratedPods/CGRPCZlib"
  CNIOAtomics:
    :path: "./FrostPods/GeneratedPods/CNIOAtomics"
  CNIOBoringSSL:
    :path: "./FrostPods/GeneratedPods/CNIOBoringSSL"
  CNIOBoringSSLShims:
    :path: "./FrostPods/GeneratedPods/CNIOBoringSSLShims"
  CNIODarwin:
    :path: "./FrostPods/GeneratedPods/CNIODarwin"
  CNIOHTTPParser:
    :path: "./FrostPods/GeneratedPods/CNIOHTTPParser"
  CNIOLinux:
    :path: "./FrostPods/GeneratedPods/CNIOLinux"
  CNIOWindows:
    :path: "./FrostPods/GeneratedPods/CNIOWindows"
  gRPC-Swift:
    :path: "./FrostPods/GeneratedPods/gRPC-Swift"
  Logging:
    :path: "./FrostPods/GeneratedPods/Logging"
  SwiftNIO:
    :path: "./FrostPods/GeneratedPods/SwiftNIO"
  SwiftNIOConcurrencyHelpers:
    :path: "./FrostPods/GeneratedPods/SwiftNIOConcurrencyHelpers"
  SwiftNIOCore:
    :path: "./FrostPods/GeneratedPods/SwiftNIOCore"
  SwiftNIOEmbedded:
    :path: "./FrostPods/GeneratedPods/SwiftNIOEmbedded"
  SwiftNIOExtras:
    :path: "./FrostPods/GeneratedPods/SwiftNIOExtras"
  SwiftNIOFoundationCompat:
    :path: "./FrostPods/GeneratedPods/SwiftNIOFoundationCompat"
  SwiftNIOHPACK:
    :path: "./FrostPods/GeneratedPods/SwiftNIOHPACK"
  SwiftNIOHTTP1:
    :path: "./FrostPods/GeneratedPods/SwiftNIOHTTP1"
  SwiftNIOHTTP2:
    :path: "./FrostPods/GeneratedPods/SwiftNIOHTTP2"
  SwiftNIOPosix:
    :path: "./FrostPods/GeneratedPods/SwiftNIOPosix"
  SwiftNIOSSL:
    :path: "./FrostPods/GeneratedPods/SwiftNIOSSL"
  SwiftNIOTLS:
    :path: "./FrostPods/GeneratedPods/SwiftNIOTLS"
  SwiftNIOTransportServices:
    :path: "./FrostPods/GeneratedPods/SwiftNIOTransportServices"
  SwiftProtobuf:
    :path: "./FrostPods/GeneratedPods/SwiftProtobuf"

CHECKOUT OPTIONS:
  Advance:
    :commit: 3156e6c5ba2960de7b5a910a2c8433d7fd612c25
    :git: "git@github.com:timdonnelly/Advance.git"

SPEC CHECKSUMS:
  _NIODataStructures: 71854f8d8f90c7fb75f06c8fe46b4a635044e92c
  Advance: 1fdaffe719fadf10e6bbfd6933d6b5c928b4363d
  CGRPCZlib: a31b449251234355d0b0f7ace33c0936a23e5653
  CNIOAtomics: a9f9db6a643165ff2ce0a01bc41534440f1f8839
  CNIOBoringSSL: 755735da04e12fcc7b1b7a9d34a60da150bf9565
  CNIOBoringSSLShims: 3b141da57f78c70add3154be76446886c4d30882
  CNIODarwin: 8a58814ff030491b6d25f0ec2409e1dc55d8ea04
  CNIOHTTPParser: 2d7f17fd3b89b6396b380d0c0b4ed0dfce776df8
  CNIOLinux: 379984ac9d634d93a7463a20d6f8ea5480943e69
  CNIOWindows: c7050f3d17e137fedb1763412c73a64bd4ed1fb0
  gRPC-Swift: 3a8a040b8bfe001e420fcceb5564f52e4cb1f605
  Logging: 112cd1df09246759f6124ce087afde6a411d6b57
  Realm: d9e4e5877095a6722145811f56fe89a531c9659d
  RealmSwift: e4191b4b957fcfcbed23751ec65eec98f8173ab5
  SwiftNIO: 5241979c539f2b877f69c0f8cecce2ab86508caf
  SwiftNIOConcurrencyHelpers: 17bba287c54531699f2a0a176bdda2d6bbe76247
  SwiftNIOCore: 7b9b320bdd91275e7f9e155daca9f6a97a2b1cf4
  SwiftNIOEmbedded: e1a7bcd4f08e783d8c90bf86e320ec2ebfcd75bb
  SwiftNIOExtras: 2ed9886c4e3f5ccb7d3d23e4e659f0a80b00bb91
  SwiftNIOFoundationCompat: fddfc89cfa5ddf598e5866c654dc2104230ded80
  SwiftNIOHPACK: 47442005b188b84b6a50266bc695ed41f75ae1da
  SwiftNIOHTTP1: 066273ed81569156f9125bf300c7555f849ec347
  SwiftNIOHTTP2: 152f2cba19f718428667fd7b614b77b8c251ed6d
  SwiftNIOPosix: 6da37bbb37dc5d6d9875b4ac9e8174717e9c2715
  SwiftNIOSSL: 6e2886ae0758ed755ec1029951e8d67d78ef5d60
  SwiftNIOTLS: 8a4e68a16ed9cdc00b82a2343bc227ba978283c1
  SwiftNIOTransportServices: a76dd82028ca31861ae5e2e10da6f3a969497afc
  SwiftProtobuf: b2584267331e89e3086097bef1a08d2b48442f17

PODFILE CHECKSUM: 7168fbc719e6dcf8a8bedbf77ca283a639b2121c

COCOAPODS: 1.11.2
